
Microsoft Visual Studio Solution File, Format Version 12.00
# Visual Studio Version 17
VisualStudioVersion = 17.4.33403.182
MinimumVisualStudioVersion = 10.0.40219.1
Project("{9A19103F-16F7-4668-BE54-9A1E7A4F7556}") = "ComputerGraphic", "ComputerGraphic\ComputerGraphic.csproj", "{B39FAE5B-0D3E-4EC7-AD53-80C72B0DB5BC}"
EndProject
Global
	GlobalSection(SolutionConfigurationPlatforms) = preSolution
		Debug|Any CPU = Debug|Any CPU
		Debug|x86 = Debug|x86
		Release|Any CPU = Release|Any CPU
		Release|x86 = Release|x86
	EndGlobalSection
	GlobalSection(ProjectConfigurationPlatforms) = postSolution
		{B39FAE5B-0D3E-4EC7-AD53-80C72B0DB5BC}.Debug|Any CPU.ActiveCfg = Debug|Any CPU
		{B39FAE5B-0D3E-4EC7-AD53-80C72B0DB5BC}.Debug|Any CPU.Build.0 = Debug|Any CPU
		{B39FAE5B-0D3E-4EC7-AD53-80C72B0DB5BC}.Debug|x86.ActiveCfg = Debug|x86
		{B39FAE5B-0D3E-4EC7-AD53-80C72B0DB5BC}.Debug|x86.Build.0 = Debug|x86
		{B39FAE5B-0D3E-4EC7-AD53-80C72B0DB5BC}.Release|Any CPU.ActiveCfg = Release|Any CPU
		{B39FAE5B-0D3E-4EC7-AD53-80C72B0DB5BC}.Release|Any CPU.Build.0 = Release|Any CPU
		{B39FAE5B-0D3E-4EC7-AD53-80C72B0DB5BC}.Release|x86.ActiveCfg = Release|x86
		{B39FAE5B-0D3E-4EC7-AD53-80C72B0DB5BC}.Release|x86.Build.0 = Release|x86
	EndGlobalSection
	GlobalSection(SolutionProperties) = preSolution
		HideSolutionNode = FALSE
	EndGlobalSection
	GlobalSection(ExtensibilityGlobals) = postSolution
		SolutionGuid = {CF8CBA18-B740-40A1-A46D-E293BC327192}
	EndGlobalSection
EndGlobal
